
Microsoft Visual Studio Solution File, Format Version 12.00
# Visual Studio 15
VisualStudioVersion = 15.0.27130.2036
MinimumVisualStudioVersion = 10.0.40219.1
Project("{8BC9CEB8-8B4A-11D0-8D11-00A0C91BC942}") = "practice_7-1", "practice_7-1\practice_7-1.vcxproj", "{17DBEF60-88C7-45D8-B0D7-C354273B8C61}"
EndProject
Global
	GlobalSection(SolutionConfigurationPlatforms) = preSolution
		Debug|x64 = Debug|x64
		Debug|x86 = Debug|x86
		Release|x64 = Release|x64
		Release|x86 = Release|x86
	EndGlobalSection
	GlobalSection(ProjectConfigurationPlatforms) = postSolution
		{17DBEF60-88C7-45D8-B0D7-C354273B8C61}.Debug|x64.ActiveCfg = Debug|x64
		{17DBEF60-88C7-45D8-B0D7-C354273B8C61}.Debug|x64.Build.0 = Debug|x64
		{17DBEF60-88C7-45D8-B0D7-C354273B8C61}.Debug|x86.ActiveCfg = Debug|Win32
		{17DBEF60-88C7-45D8-B0D7-C354273B8C61}.Debug|x86.Build.0 = Debug|Win32
		{17DBEF60-88C7-45D8-B0D7-C354273B8C61}.Release|x64.ActiveCfg = Release|x64
		{17DBEF60-88C7-45D8-B0D7-C354273B8C61}.Release|x64.Build.0 = Release|x64
		{17DBEF60-88C7-45D8-B0D7-C354273B8C61}.Release|x86.ActiveCfg = Release|Win32
		{17DBEF60-88C7-45D8-B0D7-C354273B8C61}.Release|x86.Build.0 = Release|Win32
	EndGlobalSection
	GlobalSection(SolutionProperties) = preSolution
		HideSolutionNode = FALSE
	EndGlobalSection
	GlobalSection(ExtensibilityGlobals) = postSolution
		SolutionGuid = {CADB17D8-D490-46E4-B5B2-DBE1B08F2DAE}
	EndGlobalSection
EndGlobal
