<?xml version="1.0" encoding="utf-8"?>
<Project ToolsVersion="4.0" xmlns="http://schemas.microsoft.com/developer/msbuild/2003">
  <ItemGroup>
    <Filter Include="源文件">
      <UniqueIdentifier>{4FC737F1-C7A5-4376-A066-2A32D752A2FF}</UniqueIdentifier>
      <Extensions>cpp;c;cc;cxx;def;odl;idl;hpj;bat;asm;asmx</Extensions>
    </Filter>
    <Filter Include="头文件">
      <UniqueIdentifier>{93995380-89BD-4b04-88EB-625FBE52EBFB}</UniqueIdentifier>
      <Extensions>h;hh;hpp;hxx;hm;inl;inc;xsd</Extensions>
    </Filter>
    <Filter Include="资源文件">
      <UniqueIdentifier>{67DA6AB6-F800-4c08-8B7A-83BB121AAD01}</UniqueIdentifier>
      <Extensions>rc;ico;cur;bmp;dlg;rc2;rct;bin;rgs;gif;jpg;jpeg;jpe;resx;tiff;tif;png;wav;mfcribbon-ms</Extensions>
    </Filter>
    <Filter Include="源文件\6-5">
      <UniqueIdentifier>{5ac98573-8b83-4ab1-846d-38cbf2f111fa}</UniqueIdentifier>
    </Filter>
    <Filter Include="源文件\6-6">
      <UniqueIdentifier>{9b0b6d77-a967-4a37-9bb7-a0fa758b4cfa}</UniqueIdentifier>
    </Filter>
    <Filter Include="源文件\main">
      <UniqueIdentifier>{5372e4d5-e371-40d7-bda8-98c096157875}</UniqueIdentifier>
    </Filter>
    <Filter Include="源文件\def">
      <UniqueIdentifier>{0b616d95-4177-4768-b795-6daef3473df6}</UniqueIdentifier>
    </Filter>
  </ItemGroup>
  <ItemGroup>
    <ClCompile Include="hash.c">
      <Filter>源文件\def</Filter>
    </ClCompile>
    <ClCompile Include="indef.c">
      <Filter>源文件\def</Filter>
    </ClCompile>
    <ClCompile Include="founddef.c">
      <Filter>源文件\def</Filter>
    </ClCompile>
    <ClCompile Include="wordrom.c">
      <Filter>源文件\def</Filter>
    </ClCompile>
    <ClCompile Include="undef.c">
      <Filter>源文件\6-5</Filter>
    </ClCompile>
    <ClCompile Include="getword.c">
      <Filter>源文件\main</Filter>
    </ClCompile>
    <ClCompile Include="getchar.c">
      <Filter>源文件\main</Filter>
    </ClCompile>
    <ClCompile Include="main.c">
      <Filter>源文件\main</Filter>
    </ClCompile>
    <ClCompile Include="define.c">
      <Filter>源文件\6-6</Filter>
    </ClCompile>
    <ClCompile Include="isdef.c">
      <Filter>源文件\6-6</Filter>
    </ClCompile>
  </ItemGroup>
</Project>