
Microsoft Visual Studio Solution File, Format Version 12.00
# Visual Studio 15
VisualStudioVersion = 15.0.27130.2036
MinimumVisualStudioVersion = 10.0.40219.1
Project("{8BC9CEB8-8B4A-11D0-8D11-00A0C91BC942}") = "getint_5-1", "getint_5-1\getint_5-1.vcxproj", "{CE032B67-D57C-4DA1-9E68-700DA824A3F5}"
EndProject
Global
	GlobalSection(SolutionConfigurationPlatforms) = preSolution
		Debug|x64 = Debug|x64
		Debug|x86 = Debug|x86
		Release|x64 = Release|x64
		Release|x86 = Release|x86
	EndGlobalSection
	GlobalSection(ProjectConfigurationPlatforms) = postSolution
		{CE032B67-D57C-4DA1-9E68-700DA824A3F5}.Debug|x64.ActiveCfg = Debug|x64
		{CE032B67-D57C-4DA1-9E68-700DA824A3F5}.Debug|x64.Build.0 = Debug|x64
		{CE032B67-D57C-4DA1-9E68-700DA824A3F5}.Debug|x86.ActiveCfg = Debug|Win32
		{CE032B67-D57C-4DA1-9E68-700DA824A3F5}.Debug|x86.Build.0 = Debug|Win32
		{CE032B67-D57C-4DA1-9E68-700DA824A3F5}.Release|x64.ActiveCfg = Release|x64
		{CE032B67-D57C-4DA1-9E68-700DA824A3F5}.Release|x64.Build.0 = Release|x64
		{CE032B67-D57C-4DA1-9E68-700DA824A3F5}.Release|x86.ActiveCfg = Release|Win32
		{CE032B67-D57C-4DA1-9E68-700DA824A3F5}.Release|x86.Build.0 = Release|Win32
	EndGlobalSection
	GlobalSection(SolutionProperties) = preSolution
		HideSolutionNode = FALSE
	EndGlobalSection
	GlobalSection(ExtensibilityGlobals) = postSolution
		SolutionGuid = {78E848D8-1291-440A-9C5A-106796FF7945}
	EndGlobalSection
EndGlobal
