
Microsoft Visual Studio Solution File, Format Version 12.00
# Visual Studio 15
VisualStudioVersion = 15.0.27130.2036
MinimumVisualStudioVersion = 10.0.40219.1
Project("{8BC9CEB8-8B4A-11D0-8D11-00A0C91BC942}") = "calculator_practice4-3--4-10", "calculator_practice4-3--4-10\calculator_practice4-3--4-10.vcxproj", "{C033FEA1-EDDA-4EEA-BA68-E99A14E872EC}"
EndProject
Global
	GlobalSection(SolutionConfigurationPlatforms) = preSolution
		Debug|x64 = Debug|x64
		Debug|x86 = Debug|x86
		Release|x64 = Release|x64
		Release|x86 = Release|x86
	EndGlobalSection
	GlobalSection(ProjectConfigurationPlatforms) = postSolution
		{C033FEA1-EDDA-4EEA-BA68-E99A14E872EC}.Debug|x64.ActiveCfg = Debug|x64
		{C033FEA1-EDDA-4EEA-BA68-E99A14E872EC}.Debug|x64.Build.0 = Debug|x64
		{C033FEA1-EDDA-4EEA-BA68-E99A14E872EC}.Debug|x86.ActiveCfg = Debug|Win32
		{C033FEA1-EDDA-4EEA-BA68-E99A14E872EC}.Debug|x86.Build.0 = Debug|Win32
		{C033FEA1-EDDA-4EEA-BA68-E99A14E872EC}.Release|x64.ActiveCfg = Release|x64
		{C033FEA1-EDDA-4EEA-BA68-E99A14E872EC}.Release|x64.Build.0 = Release|x64
		{C033FEA1-EDDA-4EEA-BA68-E99A14E872EC}.Release|x86.ActiveCfg = Release|Win32
		{C033FEA1-EDDA-4EEA-BA68-E99A14E872EC}.Release|x86.Build.0 = Release|Win32
	EndGlobalSection
	GlobalSection(SolutionProperties) = preSolution
		HideSolutionNode = FALSE
	EndGlobalSection
	GlobalSection(ExtensibilityGlobals) = postSolution
		SolutionGuid = {09EA864A-61FF-4B84-99E3-3099FADFFF3B}
	EndGlobalSection
EndGlobal
